// !$*UTF8*$!
{
	archiveVersion = 1;
	classes = {
	};
	objectVersion = 46;
	objects = {

/* Begin PBXBuildFile section */
		A0DA8BC71A26724200313042 /* main.m in Sources */ = {isa = PBXBuildFile; fileRef = A0DA8BC61A26724200313042 /* main.m */; };
		A0DA8BCA1A26724200313042 /* AppDelegate.m in Sources */ = {isa = PBXBuildFile; fileRef = A0DA8BC91A26724200313042 /* AppDelegate.m */; };
		A0DA8BCD1A26724200313042 /* ColorsViewController.m in Sources */ = {isa = PBXBuildFile; fileRef = A0DA8BCC1A26724200313042 /* ColorsViewController.m */; };
		A0DA8BD01A26724200313042 /* Main.storyboard in Resources */ = {isa = PBXBuildFile; fileRef = A0DA8BCE1A26724200313042 /* Main.storyboard */; };
		A0DA8BD21A26724200313042 /* Images.xcassets in Resources */ = {isa = PBXBuildFile; fileRef = A0DA8BD11A26724200313042 /* Images.xcassets */; };
		A0DA8BD51A26724200313042 /* LaunchScreen.xib in Resources */ = {isa = PBXBuildFile; fileRef = A0DA8BD31A26724200313042 /* LaunchScreen.xib */; };
		A0DA8BE11A26724200313042 /* NavigationDemoTests.m in Sources */ = {isa = PBXBuildFile; fileRef = A0DA8BE01A26724200313042 /* NavigationDemoTests.m */; };
		A0DA8BEC1A26740400313042 /* ColorViewController.m in Sources */ = {isa = PBXBuildFile; fileRef = A0DA8BEB1A26740400313042 /* ColorViewController.m */; };
		A0DA8BEF1A2674F800313042 /* NavigationControllerDelegate.m in Sources */ = {isa = PBXBuildFile; fileRef = A0DA8BEE1A2674F800313042 /* NavigationControllerDelegate.m */; };
		A0DA8BF21A2675AD00313042 /* ColorsToColorAnimatedTransitioningDelegate.m in Sources */ = {isa = PBXBuildFile; fileRef = A0DA8BF11A2675AD00313042 /* ColorsToColorAnimatedTransitioningDelegate.m */; };
		A0DA8BF51A2675FB00313042 /* ColorToColorsAnimatedTransitioningDelegate.m in Sources */ = {isa = PBXBuildFile; fileRef = A0DA8BF41A2675FB00313042 /* ColorToColorsAnimatedTransitioningDelegate.m */; };
/* End PBXBuildFile section */

/* Begin PBXContainerItemProxy section */
		A0DA8BDB1A26724200313042 /* PBXContainerItemProxy */ = {
			isa = PBXContainerItemProxy;
			containerPortal = A0DA8BB91A26724200313042 /* Project object */;
			proxyType = 1;
			remoteGlobalIDString = A0DA8BC01A26724200313042;
			remoteInfo = NavigationDemo;
		};
/* End PBXContainerItemProxy section */

/* Begin PBXFileReference section */
		A0DA8BC11A26724200313042 /* NavigationDemo.app */ = {isa = PBXFileReference; explicitFileType = wrapper.application; includeInIndex = 0; path = NavigationDemo.app; sourceTree = BUILT_PRODUCTS_DIR; };
		A0DA8BC51A26724200313042 /* Info.plist */ = {isa = PBXFileReference; lastKnownFileType = text.plist.xml; path = Info.plist; sourceTree = "<group>"; };
		A0DA8BC61A26724200313042 /* main.m */ = {isa = PBXFileReference; lastKnownFileType = sourcecode.c.objc; path = main.m; sourceTree = "<group>"; };
		A0DA8BC81A26724200313042 /* AppDelegate.h */ = {isa = PBXFileReference; lastKnownFileType = sourcecode.c.h; path = AppDelegate.h; sourceTree = "<group>"; };
		A0DA8BC91A26724200313042 /* AppDelegate.m */ = {isa = PBXFileReference; lastKnownFileType = sourcecode.c.objc; path = AppDelegate.m; sourceTree = "<group>"; };
		A0DA8BCB1A26724200313042 /* ColorsViewController.h */ = {isa = PBXFileReference; lastKnownFileType = sourcecode.c.h; path = ColorsViewController.h; sourceTree = "<group>"; };
		A0DA8BCC1A26724200313042 /* ColorsViewController.m */ = {isa = PBXFileReference; lastKnownFileType = sourcecode.c.objc; path = ColorsViewController.m; sourceTree = "<group>"; };
		A0DA8BCF1A26724200313042 /* Base */ = {isa = PBXFileReference; lastKnownFileType = file.storyboard; name = Base; path = Base.lproj/Main.storyboard; sourceTree = "<group>"; };
		A0DA8BD11A26724200313042 /* Images.xcassets */ = {isa = PBXFileReference; lastKnownFileType = folder.assetcatalog; path = Images.xcassets; sourceTree = "<group>"; };
		A0DA8BD41A26724200313042 /* Base */ = {isa = PBXFileReference; lastKnownFileType = file.xib; name = Base; path = Base.lproj/LaunchScreen.xib; sourceTree = "<group>"; };
		A0DA8BDA1A26724200313042 /* NavigationDemoTests.xctest */ = {isa = PBXFileReference; explicitFileType = wrapper.cfbundle; includeInIndex = 0; path = NavigationDemoTests.xctest; sourceTree = BUILT_PRODUCTS_DIR; };
		A0DA8BDF1A26724200313042 /* Info.plist */ = {isa = PBXFileReference; lastKnownFileType = text.plist.xml; path = Info.plist; sourceTree = "<group>"; };
		A0DA8BE01A26724200313042 /* NavigationDemoTests.m */ = {isa = PBXFileReference; lastKnownFileType = sourcecode.c.objc; path = NavigationDemoTests.m; sourceTree = "<group>"; };
		A0DA8BEA1A26740400313042 /* ColorViewController.h */ = {isa = PBXFileReference; fileEncoding = 4; lastKnownFileType = sourcecode.c.h; path = ColorViewController.h; sourceTree = "<group>"; };
		A0DA8BEB1A26740400313042 /* ColorViewController.m */ = {isa = PBXFileReference; fileEncoding = 4; lastKnownFileType = sourcecode.c.objc; path = ColorViewController.m; sourceTree = "<group>"; };
		A0DA8BED1A2674F800313042 /* NavigationControllerDelegate.h */ = {isa = PBXFileReference; fileEncoding = 4; lastKnownFileType = sourcecode.c.h; path = NavigationControllerDelegate.h; sourceTree = "<group>"; };
		A0DA8BEE1A2674F800313042 /* NavigationControllerDelegate.m */ = {isa = PBXFileReference; fileEncoding = 4; lastKnownFileType = sourcecode.c.objc; path = NavigationControllerDelegate.m; sourceTree = "<group>"; };
		A0DA8BF01A2675AD00313042 /* ColorsToColorAnimatedTransitioningDelegate.h */ = {isa = PBXFileReference; fileEncoding = 4; lastKnownFileType = sourcecode.c.h; path = ColorsToColorAnimatedTransitioningDelegate.h; sourceTree = "<group>"; };
		A0DA8BF11A2675AD00313042 /* ColorsToColorAnimatedTransitioningDelegate.m */ = {isa = PBXFileReference; fileEncoding = 4; lastKnownFileType = sourcecode.c.objc; path = ColorsToColorAnimatedTransitioningDelegate.m; sourceTree = "<group>"; };
		A0DA8BF31A2675FB00313042 /* ColorToColorsAnimatedTransitioningDelegate.h */ = {isa = PBXFileReference; fileEncoding = 4; lastKnownFileType = sourcecode.c.h; path = ColorToColorsAnimatedTransitioningDelegate.h; sourceTree = "<group>"; };
		A0DA8BF41A2675FB00313042 /* ColorToColorsAnimatedTransitioningDelegate.m */ = {isa = PBXFileReference; fileEncoding = 4; lastKnownFileType = sourcecode.c.objc; path = ColorToColorsAnimatedTransitioningDelegate.m; sourceTree = "<group>"; };
/* End PBXFileReference section */

/* Begin PBXFrameworksBuildPhase section */
		A0DA8BBE1A26724200313042 /* Frameworks */ = {
			isa = PBXFrameworksBuildPhase;
			buildActionMask = 2147483647;
			files = (
			);
			runOnlyForDeploymentPostprocessing = 0;
		};
		A0DA8BD71A26724200313042 /* Frameworks */ = {
			isa = PBXFrameworksBuildPhase;
			buildActionMask = 2147483647;
			files = (
			);
			runOnlyForDeploymentPostprocessing = 0;
		};
/* End PBXFrameworksBuildPhase section */

/* Begin PBXGroup section */
		A0DA8BB81A26724200313042 = {
			isa = PBXGroup;
			children = (
				A0DA8BC31A26724200313042 /* NavigationDemo */,
				A0DA8BDD1A26724200313042 /* NavigationDemoTests */,
				A0DA8BC21A26724200313042 /* Products */,
			);
			sourceTree = "<group>";
		};
		A0DA8BC21A26724200313042 /* Products */ = {
			isa = PBXGroup;
			children = (
				A0DA8BC11A26724200313042 /* NavigationDemo.app */,
				A0DA8BDA1A26724200313042 /* NavigationDemoTests.xctest */,
			);
			name = Products;
			sourceTree = "<group>";
		};
		A0DA8BC31A26724200313042 /* NavigationDemo */ = {
			isa = PBXGroup;
			children = (
				A0DA8BD11A26724200313042 /* Images.xcassets */,
				A0DA8BC41A26724200313042 /* Supporting Files */,
				A0DA8BC81A26724200313042 /* AppDelegate.h */,
				A0DA8BC91A26724200313042 /* AppDelegate.m */,
				A0DA8BF01A2675AD00313042 /* ColorsToColorAnimatedTransitioningDelegate.h */,
				A0DA8BF11A2675AD00313042 /* ColorsToColorAnimatedTransitioningDelegate.m */,
				A0DA8BF31A2675FB00313042 /* ColorToColorsAnimatedTransitioningDelegate.h */,
				A0DA8BF41A2675FB00313042 /* ColorToColorsAnimatedTransitioningDelegate.m */,
				A0DA8BCB1A26724200313042 /* ColorsViewController.h */,
				A0DA8BCC1A26724200313042 /* ColorsViewController.m */,
				A0DA8BEA1A26740400313042 /* ColorViewController.h */,
				A0DA8BEB1A26740400313042 /* ColorViewController.m */,
				A0DA8BD31A26724200313042 /* LaunchScreen.xib */,
				A0DA8BCE1A26724200313042 /* Main.storyboard */,
				A0DA8BED1A2674F800313042 /* NavigationControllerDelegate.h */,
				A0DA8BEE1A2674F800313042 /* NavigationControllerDelegate.m */,
			);
			path = NavigationDemo;
			sourceTree = "<group>";
		};
		A0DA8BC41A26724200313042 /* Supporting Files */ = {
			isa = PBXGroup;
			children = (
				A0DA8BC51A26724200313042 /* Info.plist */,
				A0DA8BC61A26724200313042 /* main.m */,
			);
			name = "Supporting Files";
			sourceTree = "<group>";
		};
		A0DA8BDD1A26724200313042 /* NavigationDemoTests */ = {
			isa = PBXGroup;
			children = (
				A0DA8BE01A26724200313042 /* NavigationDemoTests.m */,
				A0DA8BDE1A26724200313042 /* Supporting Files */,
			);
			path = NavigationDemoTests;
			sourceTree = "<group>";
		};
		A0DA8BDE1A26724200313042 /* Supporting Files */ = {
			isa = PBXGroup;
			children = (
				A0DA8BDF1A26724200313042 /* Info.plist */,
			);
			name = "Supporting Files";
			sourceTree = "<group>";
		};
/* End PBXGroup section */

/* Begin PBXNativeTarget section */
		A0DA8BC01A26724200313042 /* NavigationDemo */ = {
			isa = PBXNativeTarget;
			buildConfigurationList = A0DA8BE41A26724200313042 /* Build configuration list for PBXNativeTarget "NavigationDemo" */;
			buildPhases = (
				A0DA8BBD1A26724200313042 /* Sources */,
				A0DA8BBE1A26724200313042 /* Frameworks */,
				A0DA8BBF1A26724200313042 /* Resources */,
			);
			buildRules = (
			);
			dependencies = (
			);
			name = NavigationDemo;
			productName = NavigationDemo;
			productReference = A0DA8BC11A26724200313042 /* NavigationDemo.app */;
			productType = "com.apple.product-type.application";
		};
		A0DA8BD91A26724200313042 /* NavigationDemoTests */ = {
			isa = PBXNativeTarget;
			buildConfigurationList = A0DA8BE71A26724200313042 /* Build configuration list for PBXNativeTarget "NavigationDemoTests" */;
			buildPhases = (
				A0DA8BD61A26724200313042 /* Sources */,
				A0DA8BD71A26724200313042 /* Frameworks */,
				A0DA8BD81A26724200313042 /* Resources */,
			);
			buildRules = (
			);
			dependencies = (
				A0DA8BDC1A26724200313042 /* PBXTargetDependency */,
			);
			name = NavigationDemoTests;
			productName = NavigationDemoTests;
			productReference = A0DA8BDA1A26724200313042 /* NavigationDemoTests.xctest */;
			productType = "com.apple.product-type.bundle.unit-test";
		};
/* End PBXNativeTarget section */

/* Begin PBXProject section */
		A0DA8BB91A26724200313042 /* Project object */ = {
			isa = PBXProject;
			attributes = {
				LastUpgradeCheck = 0610;
				ORGANIZATIONNAME = "Groomsy Dev";
				TargetAttributes = {
					A0DA8BC01A26724200313042 = {
						CreatedOnToolsVersion = 6.1;
					};
					A0DA8BD91A26724200313042 = {
						CreatedOnToolsVersion = 6.1;
						TestTargetID = A0DA8BC01A26724200313042;
					};
				};
			};
			buildConfigurationList = A0DA8BBC1A26724200313042 /* Build configuration list for PBXProject "NavigationDemo" */;
			compatibilityVersion = "Xcode 3.2";
			developmentRegion = English;
			hasScannedForEncodings = 0;
			knownRegions = (
				en,
				Base,
			);
			mainGroup = A0DA8BB81A26724200313042;
			productRefGroup = A0DA8BC21A26724200313042 /* Products */;
			projectDirPath = "";
			projectRoot = "";
			targets = (
				A0DA8BC01A26724200313042 /* NavigationDemo */,
				A0DA8BD91A26724200313042 /* NavigationDemoTests */,
			);
		};
/* End PBXProject section */

/* Begin PBXResourcesBuildPhase section */
		A0DA8BBF1A26724200313042 /* Resources */ = {
			isa = PBXResourcesBuildPhase;
			buildActionMask = 2147483647;
			files = (
				A0DA8BD01A26724200313042 /* Main.storyboard in Resources */,
				A0DA8BD51A26724200313042 /* LaunchScreen.xib in Resources */,
				A0DA8BD21A26724200313042 /* Images.xcassets in Resources */,
			);
			runOnlyForDeploymentPostprocessing = 0;
		};
		A0DA8BD81A26724200313042 /* Resources */ = {
			isa = PBXResourcesBuildPhase;
			buildActionMask = 2147483647;
			files = (
			);
			runOnlyForDeploymentPostprocessing = 0;
		};
/* End PBXResourcesBuildPhase section */

/* Begin PBXSourcesBuildPhase section */
		A0DA8BBD1A26724200313042 /* Sources */ = {
			isa = PBXSourcesBuildPhase;
			buildActionMask = 2147483647;
			files = (
				A0DA8BF51A2675FB00313042 /* ColorToColorsAnimatedTransitioningDelegate.m in Sources */,
				A0DA8BCD1A26724200313042 /* ColorsViewController.m in Sources */,
				A0DA8BCA1A26724200313042 /* AppDelegate.m in Sources */,
				A0DA8BEF1A2674F800313042 /* NavigationControllerDelegate.m in Sources */,
				A0DA8BEC1A26740400313042 /* ColorViewController.m in Sources */,
				A0DA8BF21A2675AD00313042 /* ColorsToColorAnimatedTransitioningDelegate.m in Sources */,
				A0DA8BC71A26724200313042 /* main.m in Sources */,
			);
			runOnlyForDeploymentPostprocessing = 0;
		};
		A0DA8BD61A26724200313042 /* Sources */ = {
			isa = PBXSourcesBuildPhase;
			buildActionMask = 2147483647;
			files = (
				A0DA8BE11A26724200313042 /* NavigationDemoTests.m in Sources */,
			);
			runOnlyForDeploymentPostprocessing = 0;
		};
/* End PBXSourcesBuildPhase section */

/* Begin PBXTargetDependency section */
		A0DA8BDC1A26724200313042 /* PBXTargetDependency */ = {
			isa = PBXTargetDependency;
			target = A0DA8BC01A26724200313042 /* NavigationDemo */;
			targetProxy = A0DA8BDB1A26724200313042 /* PBXContainerItemProxy */;
		};
/* End PBXTargetDependency section */

/* Begin PBXVariantGroup section */
		A0DA8BCE1A26724200313042 /* Main.storyboard */ = {
			isa = PBXVariantGroup;
			children = (
				A0DA8BCF1A26724200313042 /* Base */,
			);
			name = Main.storyboard;
			sourceTree = "<group>";
		};
		A0DA8BD31A26724200313042 /* LaunchScreen.xib */ = {
			isa = PBXVariantGroup;
			children = (
				A0DA8BD41A26724200313042 /* Base */,
			);
			name = LaunchScreen.xib;
			sourceTree = "<group>";
		};
/* End PBXVariantGroup section */

/* Begin XCBuildConfiguration section */
		A0DA8BE21A26724200313042 /* Debug */ = {
			isa = XCBuildConfiguration;
			buildSettings = {
				ALWAYS_SEARCH_USER_PATHS = NO;
				CLANG_CXX_LANGUAGE_STANDARD = "gnu++0x";
				CLANG_CXX_LIBRARY = "libc++";
				CLANG_ENABLE_MODULES = YES;
				CLANG_ENABLE_OBJC_ARC = YES;
				CLANG_WARN_BOOL_CONVERSION = YES;
				CLANG_WARN_CONSTANT_CONVERSION = YES;
				CLANG_WARN_DIRECT_OBJC_ISA_USAGE = YES_ERROR;
				CLANG_WARN_EMPTY_BODY = YES;
				CLANG_WARN_ENUM_CONVERSION = YES;
				CLANG_WARN_INT_CONVERSION = YES;
				CLANG_WARN_OBJC_ROOT_CLASS = YES_ERROR;
				CLANG_WARN_UNREACHABLE_CODE = YES;
				CLANG_WARN__DUPLICATE_METHOD_MATCH = YES;
				"CODE_SIGN_IDENTITY[sdk=iphoneos*]" = "iPhone Developer";
				COPY_PHASE_STRIP = NO;
				ENABLE_STRICT_OBJC_MSGSEND = YES;
				GCC_C_LANGUAGE_STANDARD = gnu99;
				GCC_DYNAMIC_NO_PIC = NO;
				GCC_OPTIMIZATION_LEVEL = 0;
				GCC_PREPROCESSOR_DEFINITIONS = (
					"DEBUG=1",
					"$(inherited)",
				);
				GCC_SYMBOLS_PRIVATE_EXTERN = NO;
				GCC_WARN_64_TO_32_BIT_CONVERSION = YES;
				GCC_WARN_ABOUT_RETURN_TYPE = YES_ERROR;
				GCC_WARN_UNDECLARED_SELECTOR = YES;
				GCC_WARN_UNINITIALIZED_AUTOS = YES_AGGRESSIVE;
				GCC_WARN_UNUSED_FUNCTION = YES;
				GCC_WARN_UNUSED_VARIABLE = YES;
				IPHONEOS_DEPLOYMENT_TARGET = 8.1;
				MTL_ENABLE_DEBUG_INFO = YES;
				ONLY_ACTIVE_ARCH = YES;
				SDKROOT = iphoneos;
			};
			name = Debug;
		};
		A0DA8BE31A26724200313042 /* Release */ = {
			isa = XCBuildConfiguration;
			buildSettings = {
				ALWAYS_SEARCH_USER_PATHS = NO;
				CLANG_CXX_LANGUAGE_STANDARD = "gnu++0x";
				CLANG_CXX_LIBRARY = "libc++";
				CLANG_ENABLE_MODULES = YES;
				CLANG_ENABLE_OBJC_ARC = YES;
				CLANG_WARN_BOOL_CONVERSION = YES;
				CLANG_WARN_CONSTANT_CONVERSION = YES;
				CLANG_WARN_DIRECT_OBJC_ISA_USAGE = YES_ERROR;
				CLANG_WARN_EMPTY_BODY = YES;
				CLANG_WARN_ENUM_CONVERSION = YES;
				CLANG_WARN_INT_CONVERSION = YES;
				CLANG_WARN_OBJC_ROOT_CLASS = YES_ERROR;
				CLANG_WARN_UNREACHABLE_CODE = YES;
				CLANG_WARN__DUPLICATE_METHOD_MATCH = YES;
				"CODE_SIGN_IDENTITY[sdk=iphoneos*]" = "iPhone Developer";
				COPY_PHASE_STRIP = YES;
				ENABLE_NS_ASSERTIONS = NO;
				ENABLE_STRICT_OBJC_MSGSEND = YES;
				GCC_C_LANGUAGE_STANDARD = gnu99;
				GCC_WARN_64_TO_32_BIT_CONVERSION = YES;
				GCC_WARN_ABOUT_RETURN_TYPE = YES_ERROR;
				GCC_WARN_UNDECLARED_SELECTOR = YES;
				GCC_WARN_UNINITIALIZED_AUTOS = YES_AGGRESSIVE;
				GCC_WARN_UNUSED_FUNCTION = YES;
				GCC_WARN_UNUSED_VARIABLE = YES;
				IPHONEOS_DEPLOYMENT_TARGET = 8.1;
				MTL_ENABLE_DEBUG_INFO = NO;
				SDKROOT = iphoneos;
				VALIDATE_PRODUCT = YES;
			};
			name = Release;
		};
		A0DA8BE51A26724200313042 /* Debug */ = {
			isa = XCBuildConfiguration;
			buildSettings = {
				ASSETCATALOG_COMPILER_APPICON_NAME = AppIcon;
				INFOPLIST_FILE = NavigationDemo/Info.plist;
				LD_RUNPATH_SEARCH_PATHS = "$(inherited) @executable_path/Frameworks";
				PRODUCT_NAME = "$(TARGET_NAME)";
			};
			name = Debug;
		};
		A0DA8BE61A26724200313042 /* Release */ = {
			isa = XCBuildConfiguration;
			buildSettings = {
				ASSETCATALOG_COMPILER_APPICON_NAME = AppIcon;
				INFOPLIST_FILE = NavigationDemo/Info.plist;
				LD_RUNPATH_SEARCH_PATHS = "$(inherited) @executable_path/Frameworks";
				PRODUCT_NAME = "$(TARGET_NAME)";
			};
			name = Release;
		};
		A0DA8BE81A26724200313042 /* Debug */ = {
			isa = XCBuildConfiguration;
			buildSettings = {
				BUNDLE_LOADER = "$(TEST_HOST)";
				FRAMEWORK_SEARCH_PATHS = (
					"$(SDKROOT)/Developer/Library/Frameworks",
					"$(inherited)",
				);
				GCC_PREPROCESSOR_DEFINITIONS = (
					"DEBUG=1",
					"$(inherited)",
				);
				INFOPLIST_FILE = NavigationDemoTests/Info.plist;
				LD_RUNPATH_SEARCH_PATHS = "$(inherited) @executable_path/Frameworks @loader_path/Frameworks";
				PRODUCT_NAME = "$(TARGET_NAME)";
				TEST_HOST = "$(BUILT_PRODUCTS_DIR)/NavigationDemo.app/NavigationDemo";
			};
			name = Debug;
		};
		A0DA8BE91A26724200313042 /* Release */ = {
			isa = XCBuildConfiguration;
			buildSettings = {
				BUNDLE_LOADER = "$(TEST_HOST)";
				FRAMEWORK_SEARCH_PATHS = (
					"$(SDKROOT)/Developer/Library/Frameworks",
					"$(inherited)",
				);
				INFOPLIST_FILE = NavigationDemoTests/Info.plist;
				LD_RUNPATH_SEARCH_PATHS = "$(inherited) @executable_path/Frameworks @loader_path/Frameworks";
				PRODUCT_NAME = "$(TARGET_NAME)";
				TEST_HOST = "$(BUILT_PRODUCTS_DIR)/NavigationDemo.app/NavigationDemo";
			};
			name = Release;
		};
/* End XCBuildConfiguration section */

/* Begin XCConfigurationList section */
		A0DA8BBC1A26724200313042 /* Build configuration list for PBXProject "NavigationDemo" */ = {
			isa = XCConfigurationList;
			buildConfigurations = (
				A0DA8BE21A26724200313042 /* Debug */,
				A0DA8BE31A26724200313042 /* Release */,
			);
			defaultConfigurationIsVisible = 0;
			defaultConfigurationName = Release;
		};
		A0DA8BE41A26724200313042 /* Build configuration list for PBXNativeTarget "NavigationDemo" */ = {
			isa = XCConfigurationList;
			buildConfigurations = (
				A0DA8BE51A26724200313042 /* Debug */,
				A0DA8BE61A26724200313042 /* Release */,
			);
			defaultConfigurationIsVisible = 0;
		};
		A0DA8BE71A26724200313042 /* Build configuration list for PBXNativeTarget "NavigationDemoTests" */ = {
			isa = XCConfigurationList;
			buildConfigurations = (
				A0DA8BE81A26724200313042 /* Debug */,
				A0DA8BE91A26724200313042 /* Release */,
			);
			defaultConfigurationIsVisible = 0;
		};
/* End XCConfigurationList section */
	};
	rootObject = A0DA8BB91A26724200313042 /* Project object */;
}
